// !$*UTF8*$!
{
	archiveVersion = 1;
	classes = {
	};
	objectVersion = 55;
	objects = {

/* Begin PBXBuildFile section */
		B9973078278EDDEC00B4F50D /* MaterialView.swift in Sources */ = {isa = PBXBuildFile; fileRef = B9973077278EDDEC00B4F50D /* MaterialView.swift */; };
		B9B1A499278DA07700E12B54 /* TheFirstApp.swift in Sources */ = {isa = PBXBuildFile; fileRef = B9B1A498278DA07700E12B54 /* TheFirstApp.swift */; };
		B9B1A49B278DA07700E12B54 /* ContentView.swift in Sources */ = {isa = PBXBuildFile; fileRef = B9B1A49A278DA07700E12B54 /* ContentView.swift */; };
		B9B1A49D278DA07A00E12B54 /* Assets.xcassets in Resources */ = {isa = PBXBuildFile; fileRef = B9B1A49C278DA07A00E12B54 /* Assets.xcassets */; };
		B9B1A4A0278DA07A00E12B54 /* Preview Assets.xcassets in Resources */ = {isa = PBXBuildFile; fileRef = B9B1A49F278DA07A00E12B54 /* Preview Assets.xcassets */; };
		B9B1A4A7278DD92C00E12B54 /* DetailView.swift in Sources */ = {isa = PBXBuildFile; fileRef = B9B1A4A6278DD92B00E12B54 /* DetailView.swift */; };
		B9B1A4A9278DDD5200E12B54 /* CardView.swift in Sources */ = {isa = PBXBuildFile; fileRef = B9B1A4A8278DDD5200E12B54 /* CardView.swift */; };
		B9B1A4AB278DDE5B00E12B54 /* HomeView.swift in Sources */ = {isa = PBXBuildFile; fileRef = B9B1A4AA278DDE5B00E12B54 /* HomeView.swift */; };
		B9B1A4AD278DE16D00E12B54 /* ListView.swift in Sources */ = {isa = PBXBuildFile; fileRef = B9B1A4AC278DE16D00E12B54 /* ListView.swift */; };
		B9B1A4AF278DE57600E12B54 /* ListItem.swift in Sources */ = {isa = PBXBuildFile; fileRef = B9B1A4AE278DE57600E12B54 /* ListItem.swift */; };
		B9B1A4B4278DFB8E00E12B54 /* Data.swift in Sources */ = {isa = PBXBuildFile; fileRef = B9B1A4B3278DFB8E00E12B54 /* Data.swift */; };
		B9B1A4B6278E05B500E12B54 /* SmallCardView.swift in Sources */ = {isa = PBXBuildFile; fileRef = B9B1A4B5278E05B500E12B54 /* SmallCardView.swift */; };
/* End PBXBuildFile section */

/* Begin PBXFileReference section */
		B9973077278EDDEC00B4F50D /* MaterialView.swift */ = {isa = PBXFileReference; lastKnownFileType = sourcecode.swift; path = MaterialView.swift; sourceTree = "<group>"; };
		B9B1A495278DA07700E12B54 /* TheFirst.app */ = {isa = PBXFileReference; explicitFileType = wrapper.application; includeInIndex = 0; path = TheFirst.app; sourceTree = BUILT_PRODUCTS_DIR; };
		B9B1A498278DA07700E12B54 /* TheFirstApp.swift */ = {isa = PBXFileReference; lastKnownFileType = sourcecode.swift; path = TheFirstApp.swift; sourceTree = "<group>"; };
		B9B1A49A278DA07700E12B54 /* ContentView.swift */ = {isa = PBXFileReference; lastKnownFileType = sourcecode.swift; path = ContentView.swift; sourceTree = "<group>"; };
		B9B1A49C278DA07A00E12B54 /* Assets.xcassets */ = {isa = PBXFileReference; lastKnownFileType = folder.assetcatalog; path = Assets.xcassets; sourceTree = "<group>"; };
		B9B1A49F278DA07A00E12B54 /* Preview Assets.xcassets */ = {isa = PBXFileReference; lastKnownFileType = folder.assetcatalog; path = "Preview Assets.xcassets"; sourceTree = "<group>"; };
		B9B1A4A6278DD92B00E12B54 /* DetailView.swift */ = {isa = PBXFileReference; lastKnownFileType = sourcecode.swift; path = DetailView.swift; sourceTree = "<group>"; };
		B9B1A4A8278DDD5200E12B54 /* CardView.swift */ = {isa = PBXFileReference; lastKnownFileType = sourcecode.swift; path = CardView.swift; sourceTree = "<group>"; };
		B9B1A4AA278DDE5B00E12B54 /* HomeView.swift */ = {isa = PBXFileReference; lastKnownFileType = sourcecode.swift; path = HomeView.swift; sourceTree = "<group>"; };
		B9B1A4AC278DE16D00E12B54 /* ListView.swift */ = {isa = PBXFileReference; lastKnownFileType = sourcecode.swift; path = ListView.swift; sourceTree = "<group>"; };
		B9B1A4AE278DE57600E12B54 /* ListItem.swift */ = {isa = PBXFileReference; lastKnownFileType = sourcecode.swift; path = ListItem.swift; sourceTree = "<group>"; };
		B9B1A4B3278DFB8E00E12B54 /* Data.swift */ = {isa = PBXFileReference; lastKnownFileType = sourcecode.swift; path = Data.swift; sourceTree = "<group>"; };
		B9B1A4B5278E05B500E12B54 /* SmallCardView.swift */ = {isa = PBXFileReference; lastKnownFileType = sourcecode.swift; path = SmallCardView.swift; sourceTree = "<group>"; };
/* End PBXFileReference section */

/* Begin PBXFrameworksBuildPhase section */
		B9B1A492278DA07700E12B54 /* Frameworks */ = {
			isa = PBXFrameworksBuildPhase;
			buildActionMask = 2147483647;
			files = (
			);
			runOnlyForDeploymentPostprocessing = 0;
		};
/* End PBXFrameworksBuildPhase section */

/* Begin PBXGroup section */
		B9B1A48C278DA07700E12B54 = {
			isa = PBXGroup;
			children = (
				B9B1A497278DA07700E12B54 /* TheFirst */,
				B9B1A496278DA07700E12B54 /* Products */,
			);
			sourceTree = "<group>";
		};
		B9B1A496278DA07700E12B54 /* Products */ = {
			isa = PBXGroup;
			children = (
				B9B1A495278DA07700E12B54 /* TheFirst.app */,
			);
			name = Products;
			sourceTree = "<group>";
		};
		B9B1A497278DA07700E12B54 /* TheFirst */ = {
			isa = PBXGroup;
			children = (
				B9B1A498278DA07700E12B54 /* TheFirstApp.swift */,
				B9B1A4B0278DF91E00E12B54 /* Navigation */,
				B9B1A4B2278DF98B00E12B54 /* Components */,
				B9B1A4B1278DF93300E12B54 /* Views */,
				B9B1A49C278DA07A00E12B54 /* Assets.xcassets */,
				B9B1A49E278DA07A00E12B54 /* Preview Content */,
				B9B1A4B3278DFB8E00E12B54 /* Data.swift */,
			);
			path = TheFirst;
			sourceTree = "<group>";
		};
		B9B1A49E278DA07A00E12B54 /* Preview Content */ = {
			isa = PBXGroup;
			children = (
				B9B1A49F278DA07A00E12B54 /* Preview Assets.xcassets */,
			);
			path = "Preview Content";
			sourceTree = "<group>";
		};
		B9B1A4B0278DF91E00E12B54 /* Navigation */ = {
			isa = PBXGroup;
			children = (
				B9B1A49A278DA07700E12B54 /* ContentView.swift */,
			);
			path = Navigation;
			sourceTree = "<group>";
		};
		B9B1A4B1278DF93300E12B54 /* Views */ = {
			isa = PBXGroup;
			children = (
				B9B1A4AC278DE16D00E12B54 /* ListView.swift */,
				B9B1A4AA278DDE5B00E12B54 /* HomeView.swift */,
				B9B1A4A6278DD92B00E12B54 /* DetailView.swift */,
				B9973077278EDDEC00B4F50D /* MaterialView.swift */,
			);
			path = Views;
			sourceTree = "<group>";
		};
		B9B1A4B2278DF98B00E12B54 /* Components */ = {
			isa = PBXGroup;
			children = (
				B9B1A4A8278DDD5200E12B54 /* CardView.swift */,
				B9B1A4B5278E05B500E12B54 /* SmallCardView.swift */,
				B9B1A4AE278DE57600E12B54 /* ListItem.swift */,
			);
			path = Components;
			sourceTree = "<group>";
		};
/* End PBXGroup section */

/* Begin PBXNativeTarget section */
		B9B1A494278DA07700E12B54 /* TheFirst */ = {
			isa = PBXNativeTarget;
			buildConfigurationList = B9B1A4A3278DA07A00E12B54 /* Build configuration list for PBXNativeTarget "TheFirst" */;
			buildPhases = (
				B9B1A491278DA07700E12B54 /* Sources */,
				B9B1A492278DA07700E12B54 /* Frameworks */,
				B9B1A493278DA07700E12B54 /* Resources */,
			);
			buildRules = (
			);
			dependencies = (
			);
			name = TheFirst;
			productName = TheFirst;
			productReference = B9B1A495278DA07700E12B54 /* TheFirst.app */;
			productType = "com.apple.product-type.application";
		};
/* End PBXNativeTarget section */

/* Begin PBXProject section */
		B9B1A48D278DA07700E12B54 /* Project object */ = {
			isa = PBXProject;
			attributes = {
				BuildIndependentTargetsInParallel = 1;
				LastSwiftUpdateCheck = 1320;
				LastUpgradeCheck = 1320;
				TargetAttributes = {
					B9B1A494278DA07700E12B54 = {
						CreatedOnToolsVersion = 13.2.1;
					};
				};
			};
			buildConfigurationList = B9B1A490278DA07700E12B54 /* Build configuration list for PBXProject "TheFirst" */;
			compatibilityVersion = "Xcode 13.0";
			developmentRegion = en;
			hasScannedForEncodings = 0;
			knownRegions = (
				en,
				Base,
			);
			mainGroup = B9B1A48C278DA07700E12B54;
			productRefGroup = B9B1A496278DA07700E12B54 /* Products */;
			projectDirPath = "";
			projectRoot = "";
			targets = (
				B9B1A494278DA07700E12B54 /* TheFirst */,
			);
		};
/* End PBXProject section */

/* Begin PBXResourcesBuildPhase section */
		B9B1A493278DA07700E12B54 /* Resources */ = {
			isa = PBXResourcesBuildPhase;
			buildActionMask = 2147483647;
			files = (
				B9B1A4A0278DA07A00E12B54 /* Preview Assets.xcassets in Resources */,
				B9B1A49D278DA07A00E12B54 /* Assets.xcassets in Resources */,
			);
			runOnlyForDeploymentPostprocessing = 0;
		};
/* End PBXResourcesBuildPhase section */

/* Begin PBXSourcesBuildPhase section */
		B9B1A491278DA07700E12B54 /* Sources */ = {
			isa = PBXSourcesBuildPhase;
			buildActionMask = 2147483647;
			files = (
				B9B1A49B278DA07700E12B54 /* ContentView.swift in Sources */,
				B9973078278EDDEC00B4F50D /* MaterialView.swift in Sources */,
				B9B1A4B6278E05B500E12B54 /* SmallCardView.swift in Sources */,
				B9B1A4AF278DE57600E12B54 /* ListItem.swift in Sources */,
				B9B1A4A7278DD92C00E12B54 /* DetailView.swift in Sources */,
				B9B1A4AD278DE16D00E12B54 /* ListView.swift in Sources */,
				B9B1A4A9278DDD5200E12B54 /* CardView.swift in Sources */,
				B9B1A4AB278DDE5B00E12B54 /* HomeView.swift in Sources */,
				B9B1A499278DA07700E12B54 /* TheFirstApp.swift in Sources */,
				B9B1A4B4278DFB8E00E12B54 /* Data.swift in Sources */,
			);
			runOnlyForDeploymentPostprocessing = 0;
		};
/* End PBXSourcesBuildPhase section */

/* Begin XCBuildConfiguration section */
		B9B1A4A1278DA07A00E12B54 /* Debug */ = {
			isa = XCBuildConfiguration;
			buildSettings = {
				ALWAYS_SEARCH_USER_PATHS = NO;
				CLANG_ANALYZER_NONNULL = YES;
				CLANG_ANALYZER_NUMBER_OBJECT_CONVERSION = YES_AGGRESSIVE;
				CLANG_CXX_LANGUAGE_STANDARD = "gnu++17";
				CLANG_CXX_LIBRARY = "libc++";
				CLANG_ENABLE_MODULES = YES;
				CLANG_ENABLE_OBJC_ARC = YES;
				CLANG_ENABLE_OBJC_WEAK = YES;
				CLANG_WARN_BLOCK_CAPTURE_AUTORELEASING = YES;
				CLANG_WARN_BOOL_CONVERSION = YES;
				CLANG_WARN_COMMA = YES;
				CLANG_WARN_CONSTANT_CONVERSION = YES;
				CLANG_WARN_DEPRECATED_OBJC_IMPLEMENTATIONS = YES;
				CLANG_WARN_DIRECT_OBJC_ISA_USAGE = YES_ERROR;
				CLANG_WARN_DOCUMENTATION_COMMENTS = YES;
				CLANG_WARN_EMPTY_BODY = YES;
				CLANG_WARN_ENUM_CONVERSION = YES;
				CLANG_WARN_INFINITE_RECURSION = YES;
				CLANG_WARN_INT_CONVERSION = YES;
				CLANG_WARN_NON_LITERAL_NULL_CONVERSION = YES;
				CLANG_WARN_OBJC_IMPLICIT_RETAIN_SELF = YES;
				CLANG_WARN_OBJC_LITERAL_CONVERSION = YES;
				CLANG_WARN_OBJC_ROOT_CLASS = YES_ERROR;
				CLANG_WARN_QUOTED_INCLUDE_IN_FRAMEWORK_HEADER = YES;
				CLANG_WARN_RANGE_LOOP_ANALYSIS = YES;
				CLANG_WARN_STRICT_PROTOTYPES = YES;
				CLANG_WARN_SUSPICIOUS_MOVE = YES;
				CLANG_WARN_UNGUARDED_AVAILABILITY = YES_AGGRESSIVE;
				CLANG_WARN_UNREACHABLE_CODE = YES;
				CLANG_WARN__DUPLICATE_METHOD_MATCH = YES;
				COPY_PHASE_STRIP = NO;
				DEBUG_INFORMATION_FORMAT = dwarf;
				ENABLE_STRICT_OBJC_MSGSEND = YES;
				ENABLE_TESTABILITY = YES;
				GCC_C_LANGUAGE_STANDARD = gnu11;
				GCC_DYNAMIC_NO_PIC = NO;
				GCC_NO_COMMON_BLOCKS = YES;
				GCC_OPTIMIZATION_LEVEL = 0;
				GCC_PREPROCESSOR_DEFINITIONS = (
					"DEBUG=1",
					"$(inherited)",
				);
				GCC_WARN_64_TO_32_BIT_CONVERSION = YES;
				GCC_WARN_ABOUT_RETURN_TYPE = YES_ERROR;
				GCC_WARN_UNDECLARED_SELECTOR = YES;
				GCC_WARN_UNINITIALIZED_AUTOS = YES_AGGRESSIVE;
				GCC_WARN_UNUSED_FUNCTION = YES;
				GCC_WARN_UNUSED_VARIABLE = YES;
				IPHONEOS_DEPLOYMENT_TARGET = 15.2;
				MTL_ENABLE_DEBUG_INFO = INCLUDE_SOURCE;
				MTL_FAST_MATH = YES;
				ONLY_ACTIVE_ARCH = YES;
				SDKROOT = iphoneos;
				SWIFT_ACTIVE_COMPILATION_CONDITIONS = DEBUG;
				SWIFT_OPTIMIZATION_LEVEL = "-Onone";
			};
			name = Debug;
		};
		B9B1A4A2278DA07A00E12B54 /* Release */ = {
			isa = XCBuildConfiguration;
			buildSettings = {
				ALWAYS_SEARCH_USER_PATHS = NO;
				CLANG_ANALYZER_NONNULL = YES;
				CLANG_ANALYZER_NUMBER_OBJECT_CONVERSION = YES_AGGRESSIVE;
				CLANG_CXX_LANGUAGE_STANDARD = "gnu++17";
				CLANG_CXX_LIBRARY = "libc++";
				CLANG_ENABLE_MODULES = YES;
				CLANG_ENABLE_OBJC_ARC = YES;
				CLANG_ENABLE_OBJC_WEAK = YES;
				CLANG_WARN_BLOCK_CAPTURE_AUTORELEASING = YES;
				CLANG_WARN_BOOL_CONVERSION = YES;
				CLANG_WARN_COMMA = YES;
				CLANG_WARN_CONSTANT_CONVERSION = YES;
				CLANG_WARN_DEPRECATED_OBJC_IMPLEMENTATIONS = YES;
				CLANG_WARN_DIRECT_OBJC_ISA_USAGE = YES_ERROR;
				CLANG_WARN_DOCUMENTATION_COMMENTS = YES;
				CLANG_WARN_EMPTY_BODY = YES;
				CLANG_WARN_ENUM_CONVERSION = YES;
				CLANG_WARN_INFINITE_RECURSION = YES;
				CLANG_WARN_INT_CONVERSION = YES;
				CLANG_WARN_NON_LITERAL_NULL_CONVERSION = YES;
				CLANG_WARN_OBJC_IMPLICIT_RETAIN_SELF = YES;
				CLANG_WARN_OBJC_LITERAL_CONVERSION = YES;
				CLANG_WARN_OBJC_ROOT_CLASS = YES_ERROR;
				CLANG_WARN_QUOTED_INCLUDE_IN_FRAMEWORK_HEADER = YES;
				CLANG_WARN_RANGE_LOOP_ANALYSIS = YES;
				CLANG_WARN_STRICT_PROTOTYPES = YES;
				CLANG_WARN_SUSPICIOUS_MOVE = YES;
				CLANG_WARN_UNGUARDED_AVAILABILITY = YES_AGGRESSIVE;
				CLANG_WARN_UNREACHABLE_CODE = YES;
				CLANG_WARN__DUPLICATE_METHOD_MATCH = YES;
				COPY_PHASE_STRIP = NO;
				DEBUG_INFORMATION_FORMAT = "dwarf-with-dsym";
				ENABLE_NS_ASSERTIONS = NO;
				ENABLE_STRICT_OBJC_MSGSEND = YES;
				GCC_C_LANGUAGE_STANDARD = gnu11;
				GCC_NO_COMMON_BLOCKS = YES;
				GCC_WARN_64_TO_32_BIT_CONVERSION = YES;
				GCC_WARN_ABOUT_RETURN_TYPE = YES_ERROR;
				GCC_WARN_UNDECLARED_SELECTOR = YES;
				GCC_WARN_UNINITIALIZED_AUTOS = YES_AGGRESSIVE;
				GCC_WARN_UNUSED_FUNCTION = YES;
				GCC_WARN_UNUSED_VARIABLE = YES;
				IPHONEOS_DEPLOYMENT_TARGET = 15.2;
				MTL_ENABLE_DEBUG_INFO = NO;
				MTL_FAST_MATH = YES;
				SDKROOT = iphoneos;
				SWIFT_COMPILATION_MODE = wholemodule;
				SWIFT_OPTIMIZATION_LEVEL = "-O";
				VALIDATE_PRODUCT = YES;
			};
			name = Release;
		};
		B9B1A4A4278DA07A00E12B54 /* Debug */ = {
			isa = XCBuildConfiguration;
			buildSettings = {
				ASSETCATALOG_COMPILER_APPICON_NAME = AppIcon;
				ASSETCATALOG_COMPILER_GLOBAL_ACCENT_COLOR_NAME = AccentColor;
				CODE_SIGN_STYLE = Automatic;
				CURRENT_PROJECT_VERSION = 1;
				DEVELOPMENT_ASSET_PATHS = "\"TheFirst/Preview Content\"";
				ENABLE_PREVIEWS = YES;
				GENERATE_INFOPLIST_FILE = YES;
				INFOPLIST_KEY_UIApplicationSceneManifest_Generation = YES;
				INFOPLIST_KEY_UIApplicationSupportsIndirectInputEvents = YES;
				INFOPLIST_KEY_UILaunchScreen_Generation = YES;
				INFOPLIST_KEY_UISupportedInterfaceOrientations_iPad = "UIInterfaceOrientationPortrait UIInterfaceOrientationPortraitUpsideDown UIInterfaceOrientationLandscapeLeft UIInterfaceOrientationLandscapeRight";
				INFOPLIST_KEY_UISupportedInterfaceOrientations_iPhone = "UIInterfaceOrientationPortrait UIInterfaceOrientationLandscapeLeft UIInterfaceOrientationLandscapeRight";
				LD_RUNPATH_SEARCH_PATHS = (
					"$(inherited)",
					"@executable_path/Frameworks",
				);
				MARKETING_VERSION = 1.0;
				PRODUCT_BUNDLE_IDENTIFIER = com.miracl9.TheFirst;
				PRODUCT_NAME = "$(TARGET_NAME)";
				SWIFT_EMIT_LOC_STRINGS = YES;
				SWIFT_VERSION = 5.0;
				TARGETED_DEVICE_FAMILY = "1,2";
			};
			name = Debug;
		};
		B9B1A4A5278DA07A00E12B54 /* Release */ = {
			isa = XCBuildConfiguration;
			buildSettings = {
				ASSETCATALOG_COMPILER_APPICON_NAME = AppIcon;
				ASSETCATALOG_COMPILER_GLOBAL_ACCENT_COLOR_NAME = AccentColor;
				CODE_SIGN_STYLE = Automatic;
				CURRENT_PROJECT_VERSION = 1;
				DEVELOPMENT_ASSET_PATHS = "\"TheFirst/Preview Content\"";
				ENABLE_PREVIEWS = YES;
				GENERATE_INFOPLIST_FILE = YES;
				INFOPLIST_KEY_UIApplicationSceneManifest_Generation = YES;
				INFOPLIST_KEY_UIApplicationSupportsIndirectInputEvents = YES;
				INFOPLIST_KEY_UILaunchScreen_Generation = YES;
				INFOPLIST_KEY_UISupportedInterfaceOrientations_iPad = "UIInterfaceOrientationPortrait UIInterfaceOrientationPortraitUpsideDown UIInterfaceOrientationLandscapeLeft UIInterfaceOrientationLandscapeRight";
				INFOPLIST_KEY_UISupportedInterfaceOrientations_iPhone = "UIInterfaceOrientationPortrait UIInterfaceOrientationLandscapeLeft UIInterfaceOrientationLandscapeRight";
				LD_RUNPATH_SEARCH_PATHS = (
					"$(inherited)",
					"@executable_path/Frameworks",
				);
				MARKETING_VERSION = 1.0;
				PRODUCT_BUNDLE_IDENTIFIER = com.miracl9.TheFirst;
				PRODUCT_NAME = "$(TARGET_NAME)";
				SWIFT_EMIT_LOC_STRINGS = YES;
				SWIFT_VERSION = 5.0;
				TARGETED_DEVICE_FAMILY = "1,2";
			};
			name = Release;
		};
/* End XCBuildConfiguration section */

/* Begin XCConfigurationList section */
		B9B1A490278DA07700E12B54 /* Build configuration list for PBXProject "TheFirst" */ = {
			isa = XCConfigurationList;
			buildConfigurations = (
				B9B1A4A1278DA07A00E12B54 /* Debug */,
				B9B1A4A2278DA07A00E12B54 /* Release */,
			);
			defaultConfigurationIsVisible = 0;
			defaultConfigurationName = Release;
		};
		B9B1A4A3278DA07A00E12B54 /* Build configuration list for PBXNativeTarget "TheFirst" */ = {
			isa = XCConfigurationList;
			buildConfigurations = (
				B9B1A4A4278DA07A00E12B54 /* Debug */,
				B9B1A4A5278DA07A00E12B54 /* Release */,
			);
			defaultConfigurationIsVisible = 0;
			defaultConfigurationName = Release;
		};
/* End XCConfigurationList section */
	};
	rootObject = B9B1A48D278DA07700E12B54 /* Project object */;
}
